// !$*UTF8*$!
{
	archiveVersion = 1;
	classes = {
	};
	objectVersion = 48;
	objects = {

/* Begin PBXBuildFile section */
		E74944B21F93765900B52B7B /* TaskViewModel.swift in Sources */ = {isa = PBXBuildFile; fileRef = E74944B11F93765900B52B7B /* TaskViewModel.swift */; };
		E7ADDEAA1F89788F00D59EF6 /* AppDelegate.swift in Sources */ = {isa = PBXBuildFile; fileRef = E7ADDEA91F89788F00D59EF6 /* AppDelegate.swift */; };
		E7ADDEB11F89788F00D59EF6 /* Assets.xcassets in Resources */ = {isa = PBXBuildFile; fileRef = E7ADDEB01F89788F00D59EF6 /* Assets.xcassets */; };
		E7ADDEB41F89788F00D59EF6 /* LaunchScreen.storyboard in Resources */ = {isa = PBXBuildFile; fileRef = E7ADDEB21F89788F00D59EF6 /* LaunchScreen.storyboard */; };
		E7ADDEBF1F89788F00D59EF6 /* MVCCVMTests.swift in Sources */ = {isa = PBXBuildFile; fileRef = E7ADDEBE1F89788F00D59EF6 /* MVCCVMTests.swift */; };
		E7ADDECB1F897A6400D59EF6 /* TaskListViewController.swift in Sources */ = {isa = PBXBuildFile; fileRef = E7ADDEC91F897A6400D59EF6 /* TaskListViewController.swift */; };
		E7ADDECF1F8980D300D59EF6 /* TaskViewController.swift in Sources */ = {isa = PBXBuildFile; fileRef = E7ADDECD1F8980D300D59EF6 /* TaskViewController.swift */; };
		E7ADDED01F8980D300D59EF6 /* TaskViewController.xib in Resources */ = {isa = PBXBuildFile; fileRef = E7ADDECE1F8980D300D59EF6 /* TaskViewController.xib */; };
		E7ADDED51F8A12D900D59EF6 /* TaskCell.swift in Sources */ = {isa = PBXBuildFile; fileRef = E7ADDED31F8A12D900D59EF6 /* TaskCell.swift */; };
		E7ADDED61F8A12D900D59EF6 /* TaskCell.xib in Resources */ = {isa = PBXBuildFile; fileRef = E7ADDED41F8A12D900D59EF6 /* TaskCell.xib */; };
		E7ADDED81F8A598F00D59EF6 /* Coordinator.swift in Sources */ = {isa = PBXBuildFile; fileRef = E7ADDED71F8A598F00D59EF6 /* Coordinator.swift */; };
		E7ADDEDA1F8A5F5C00D59EF6 /* AppCoordinator.swift in Sources */ = {isa = PBXBuildFile; fileRef = E7ADDED91F8A5F5C00D59EF6 /* AppCoordinator.swift */; };
		E7ADDEDC1F8A615100D59EF6 /* TaskListViewModel.swift in Sources */ = {isa = PBXBuildFile; fileRef = E7ADDEDB1F8A615100D59EF6 /* TaskListViewModel.swift */; };
		E7ADDEDE1F8A629D00D59EF6 /* Task.swift in Sources */ = {isa = PBXBuildFile; fileRef = E7ADDEDD1F8A629D00D59EF6 /* Task.swift */; };
		E7ADDEE01F8A631600D59EF6 /* ReusableCell.swift in Sources */ = {isa = PBXBuildFile; fileRef = E7ADDEDF1F8A631600D59EF6 /* ReusableCell.swift */; };
		E7ADDEE21F8A635800D59EF6 /* TableView+ReusableCell.swift in Sources */ = {isa = PBXBuildFile; fileRef = E7ADDEE11F8A635800D59EF6 /* TableView+ReusableCell.swift */; };
		E7ADDEE41F8A63D200D59EF6 /* Configurable.swift in Sources */ = {isa = PBXBuildFile; fileRef = E7ADDEE31F8A63D200D59EF6 /* Configurable.swift */; };
		E7ADDEE61F8A648F00D59EF6 /* TaskCellModel.swift in Sources */ = {isa = PBXBuildFile; fileRef = E7ADDEE51F8A648F00D59EF6 /* TaskCellModel.swift */; };
		E7B722C01FE6DFEE00BC8732 /* NavigationBar+Configuration.swift in Sources */ = {isa = PBXBuildFile; fileRef = E7B722BF1FE6DFEE00BC8732 /* NavigationBar+Configuration.swift */; };
		E7B722C41FE6E06600BC8732 /* TaskManager.swift in Sources */ = {isa = PBXBuildFile; fileRef = E7B722C31FE6E06600BC8732 /* TaskManager.swift */; };
		E7B722C61FE6E59500BC8732 /* NewTaskViewModel.swift in Sources */ = {isa = PBXBuildFile; fileRef = E7B722C51FE6E59500BC8732 /* NewTaskViewModel.swift */; };
		E7BAB4442003B16C003E9729 /* Button+Configuration.swift in Sources */ = {isa = PBXBuildFile; fileRef = E7BAB4432003B16C003E9729 /* Button+Configuration.swift */; };
		E7BAB44820050010003E9729 /* TaskViewModelProtocol.swift in Sources */ = {isa = PBXBuildFile; fileRef = E7BAB44720050010003E9729 /* TaskViewModelProtocol.swift */; };
/* End PBXBuildFile section */

/* Begin PBXContainerItemProxy section */
		E7ADDEBB1F89788F00D59EF6 /* PBXContainerItemProxy */ = {
			isa = PBXContainerItemProxy;
			containerPortal = E7ADDE9E1F89788F00D59EF6 /* Project object */;
			proxyType = 1;
			remoteGlobalIDString = E7ADDEA51F89788F00D59EF6;
			remoteInfo = MVCCVM;
		};
/* End PBXContainerItemProxy section */

/* Begin PBXFileReference section */
		E74944B11F93765900B52B7B /* TaskViewModel.swift */ = {isa = PBXFileReference; lastKnownFileType = sourcecode.swift; path = TaskViewModel.swift; sourceTree = "<group>"; };
		E7ADDEA61F89788F00D59EF6 /* MVCCVM.app */ = {isa = PBXFileReference; explicitFileType = wrapper.application; includeInIndex = 0; path = MVCCVM.app; sourceTree = BUILT_PRODUCTS_DIR; };
		E7ADDEA91F89788F00D59EF6 /* AppDelegate.swift */ = {isa = PBXFileReference; lastKnownFileType = sourcecode.swift; path = AppDelegate.swift; sourceTree = "<group>"; };
		E7ADDEB01F89788F00D59EF6 /* Assets.xcassets */ = {isa = PBXFileReference; lastKnownFileType = folder.assetcatalog; path = Assets.xcassets; sourceTree = "<group>"; };
		E7ADDEB31F89788F00D59EF6 /* Base */ = {isa = PBXFileReference; lastKnownFileType = file.storyboard; name = Base; path = Base.lproj/LaunchScreen.storyboard; sourceTree = "<group>"; };
		E7ADDEB51F89788F00D59EF6 /* Info.plist */ = {isa = PBXFileReference; lastKnownFileType = text.plist.xml; path = Info.plist; sourceTree = "<group>"; };
		E7ADDEBA1F89788F00D59EF6 /* MVCCVMTests.xctest */ = {isa = PBXFileReference; explicitFileType = wrapper.cfbundle; includeInIndex = 0; path = MVCCVMTests.xctest; sourceTree = BUILT_PRODUCTS_DIR; };
		E7ADDEBE1F89788F00D59EF6 /* MVCCVMTests.swift */ = {isa = PBXFileReference; lastKnownFileType = sourcecode.swift; path = MVCCVMTests.swift; sourceTree = "<group>"; };
		E7ADDEC01F89788F00D59EF6 /* Info.plist */ = {isa = PBXFileReference; lastKnownFileType = text.plist.xml; path = Info.plist; sourceTree = "<group>"; };
		E7ADDEC91F897A6400D59EF6 /* TaskListViewController.swift */ = {isa = PBXFileReference; lastKnownFileType = sourcecode.swift; path = TaskListViewController.swift; sourceTree = "<group>"; };
		E7ADDECD1F8980D300D59EF6 /* TaskViewController.swift */ = {isa = PBXFileReference; lastKnownFileType = sourcecode.swift; path = TaskViewController.swift; sourceTree = "<group>"; };
		E7ADDECE1F8980D300D59EF6 /* TaskViewController.xib */ = {isa = PBXFileReference; lastKnownFileType = file.xib; path = TaskViewController.xib; sourceTree = "<group>"; };
		E7ADDED31F8A12D900D59EF6 /* TaskCell.swift */ = {isa = PBXFileReference; lastKnownFileType = sourcecode.swift; path = TaskCell.swift; sourceTree = "<group>"; };
		E7ADDED41F8A12D900D59EF6 /* TaskCell.xib */ = {isa = PBXFileReference; lastKnownFileType = file.xib; path = TaskCell.xib; sourceTree = "<group>"; };
		E7ADDED71F8A598F00D59EF6 /* Coordinator.swift */ = {isa = PBXFileReference; lastKnownFileType = sourcecode.swift; path = Coordinator.swift; sourceTree = "<group>"; };
		E7ADDED91F8A5F5C00D59EF6 /* AppCoordinator.swift */ = {isa = PBXFileReference; lastKnownFileType = sourcecode.swift; path = AppCoordinator.swift; sourceTree = "<group>"; };
		E7ADDEDB1F8A615100D59EF6 /* TaskListViewModel.swift */ = {isa = PBXFileReference; lastKnownFileType = sourcecode.swift; path = TaskListViewModel.swift; sourceTree = "<group>"; };
		E7ADDEDD1F8A629D00D59EF6 /* Task.swift */ = {isa = PBXFileReference; lastKnownFileType = sourcecode.swift; path = Task.swift; sourceTree = "<group>"; };
		E7ADDEDF1F8A631600D59EF6 /* ReusableCell.swift */ = {isa = PBXFileReference; lastKnownFileType = sourcecode.swift; path = ReusableCell.swift; sourceTree = "<group>"; };
		E7ADDEE11F8A635800D59EF6 /* TableView+ReusableCell.swift */ = {isa = PBXFileReference; lastKnownFileType = sourcecode.swift; path = "TableView+ReusableCell.swift"; sourceTree = "<group>"; };
		E7ADDEE31F8A63D200D59EF6 /* Configurable.swift */ = {isa = PBXFileReference; lastKnownFileType = sourcecode.swift; path = Configurable.swift; sourceTree = "<group>"; };
		E7ADDEE51F8A648F00D59EF6 /* TaskCellModel.swift */ = {isa = PBXFileReference; lastKnownFileType = sourcecode.swift; path = TaskCellModel.swift; sourceTree = "<group>"; };
		E7B722BF1FE6DFEE00BC8732 /* NavigationBar+Configuration.swift */ = {isa = PBXFileReference; lastKnownFileType = sourcecode.swift; path = "NavigationBar+Configuration.swift"; sourceTree = "<group>"; };
		E7B722C31FE6E06600BC8732 /* TaskManager.swift */ = {isa = PBXFileReference; lastKnownFileType = sourcecode.swift; path = TaskManager.swift; sourceTree = "<group>"; };
		E7B722C51FE6E59500BC8732 /* NewTaskViewModel.swift */ = {isa = PBXFileReference; lastKnownFileType = sourcecode.swift; path = NewTaskViewModel.swift; sourceTree = "<group>"; };
		E7BAB4432003B16C003E9729 /* Button+Configuration.swift */ = {isa = PBXFileReference; lastKnownFileType = sourcecode.swift; path = "Button+Configuration.swift"; sourceTree = "<group>"; };
		E7BAB44720050010003E9729 /* TaskViewModelProtocol.swift */ = {isa = PBXFileReference; lastKnownFileType = sourcecode.swift; path = TaskViewModelProtocol.swift; sourceTree = "<group>"; };
/* End PBXFileReference section */

/* Begin PBXFrameworksBuildPhase section */
		E7ADDEA31F89788F00D59EF6 /* Frameworks */ = {
			isa = PBXFrameworksBuildPhase;
			buildActionMask = 2147483647;
			files = (
			);
			runOnlyForDeploymentPostprocessing = 0;
		};
		E7ADDEB71F89788F00D59EF6 /* Frameworks */ = {
			isa = PBXFrameworksBuildPhase;
			buildActionMask = 2147483647;
			files = (
			);
			runOnlyForDeploymentPostprocessing = 0;
		};
/* End PBXFrameworksBuildPhase section */

/* Begin PBXGroup section */
		E7ADDE9D1F89788F00D59EF6 = {
			isa = PBXGroup;
			children = (
				E7ADDEA81F89788F00D59EF6 /* MVCCVM */,
				E7ADDEBD1F89788F00D59EF6 /* MVCCVMTests */,
				E7ADDEA71F89788F00D59EF6 /* Products */,
			);
			sourceTree = "<group>";
		};
		E7ADDEA71F89788F00D59EF6 /* Products */ = {
			isa = PBXGroup;
			children = (
				E7ADDEA61F89788F00D59EF6 /* MVCCVM.app */,
				E7ADDEBA1F89788F00D59EF6 /* MVCCVMTests.xctest */,
			);
			name = Products;
			sourceTree = "<group>";
		};
		E7ADDEA81F89788F00D59EF6 /* MVCCVM */ = {
			isa = PBXGroup;
			children = (
				E7ADDEA91F89788F00D59EF6 /* AppDelegate.swift */,
				E7ADDED71F8A598F00D59EF6 /* Coordinator.swift */,
				E7ADDED91F8A5F5C00D59EF6 /* AppCoordinator.swift */,
				E7ADDEDF1F8A631600D59EF6 /* ReusableCell.swift */,
				E7ADDEE31F8A63D200D59EF6 /* Configurable.swift */,
				E7ADDEE11F8A635800D59EF6 /* TableView+ReusableCell.swift */,
				E7BAB4432003B16C003E9729 /* Button+Configuration.swift */,
				E7B722BF1FE6DFEE00BC8732 /* NavigationBar+Configuration.swift */,
				E7ADDED11F8A0C1C00D59EF6 /* TaskList */,
				E7ADDED21F8A0C4100D59EF6 /* Task */,
				E7ADDEB01F89788F00D59EF6 /* Assets.xcassets */,
				E7ADDEB21F89788F00D59EF6 /* LaunchScreen.storyboard */,
				E7ADDEB51F89788F00D59EF6 /* Info.plist */,
			);
			path = MVCCVM;
			sourceTree = "<group>";
		};
		E7ADDEBD1F89788F00D59EF6 /* MVCCVMTests */ = {
			isa = PBXGroup;
			children = (
				E7ADDEBE1F89788F00D59EF6 /* MVCCVMTests.swift */,
				E7ADDEC01F89788F00D59EF6 /* Info.plist */,
			);
			path = MVCCVMTests;
			sourceTree = "<group>";
		};
		E7ADDED11F8A0C1C00D59EF6 /* TaskList */ = {
			isa = PBXGroup;
			children = (
				E7ADDEDD1F8A629D00D59EF6 /* Task.swift */,
				E7B722C31FE6E06600BC8732 /* TaskManager.swift */,
				E7ADDED31F8A12D900D59EF6 /* TaskCell.swift */,
				E7ADDED41F8A12D900D59EF6 /* TaskCell.xib */,
				E7ADDEE51F8A648F00D59EF6 /* TaskCellModel.swift */,
				E7ADDEDB1F8A615100D59EF6 /* TaskListViewModel.swift */,
				E7ADDEC91F897A6400D59EF6 /* TaskListViewController.swift */,
			);
			path = TaskList;
			sourceTree = "<group>";
		};
		E7ADDED21F8A0C4100D59EF6 /* Task */ = {
			isa = PBXGroup;
			children = (
				E7ADDECD1F8980D300D59EF6 /* TaskViewController.swift */,
				E7BAB44720050010003E9729 /* TaskViewModelProtocol.swift */,
				E74944B11F93765900B52B7B /* TaskViewModel.swift */,
				E7B722C51FE6E59500BC8732 /* NewTaskViewModel.swift */,
				E7ADDECE1F8980D300D59EF6 /* TaskViewController.xib */,
			);
			path = Task;
			sourceTree = "<group>";
		};
/* End PBXGroup section */

/* Begin PBXNativeTarget section */
		E7ADDEA51F89788F00D59EF6 /* MVCCVM */ = {
			isa = PBXNativeTarget;
			buildConfigurationList = E7ADDEC31F89788F00D59EF6 /* Build configuration list for PBXNativeTarget "MVCCVM" */;
			buildPhases = (
				E7ADDEA21F89788F00D59EF6 /* Sources */,
				E7ADDEA31F89788F00D59EF6 /* Frameworks */,
				E7ADDEA41F89788F00D59EF6 /* Resources */,
			);
			buildRules = (
			);
			dependencies = (
			);
			name = MVCCVM;
			productName = MVCCVM;
			productReference = E7ADDEA61F89788F00D59EF6 /* MVCCVM.app */;
			productType = "com.apple.product-type.application";
		};
		E7ADDEB91F89788F00D59EF6 /* MVCCVMTests */ = {
			isa = PBXNativeTarget;
			buildConfigurationList = E7ADDEC61F89788F00D59EF6 /* Build configuration list for PBXNativeTarget "MVCCVMTests" */;
			buildPhases = (
				E7ADDEB61F89788F00D59EF6 /* Sources */,
				E7ADDEB71F89788F00D59EF6 /* Frameworks */,
				E7ADDEB81F89788F00D59EF6 /* Resources */,
			);
			buildRules = (
			);
			dependencies = (
				E7ADDEBC1F89788F00D59EF6 /* PBXTargetDependency */,
			);
			name = MVCCVMTests;
			productName = MVCCVMTests;
			productReference = E7ADDEBA1F89788F00D59EF6 /* MVCCVMTests.xctest */;
			productType = "com.apple.product-type.bundle.unit-test";
		};
/* End PBXNativeTarget section */

/* Begin PBXProject section */
		E7ADDE9E1F89788F00D59EF6 /* Project object */ = {
			isa = PBXProject;
			attributes = {
				LastSwiftUpdateCheck = 0900;
				LastUpgradeCheck = 0900;
				TargetAttributes = {
					E7ADDEA51F89788F00D59EF6 = {
						CreatedOnToolsVersion = 9.0;
						ProvisioningStyle = Automatic;
					};
					E7ADDEB91F89788F00D59EF6 = {
						CreatedOnToolsVersion = 9.0;
						ProvisioningStyle = Automatic;
						TestTargetID = E7ADDEA51F89788F00D59EF6;
					};
				};
			};
			buildConfigurationList = E7ADDEA11F89788F00D59EF6 /* Build configuration list for PBXProject "MVCCVM" */;
			compatibilityVersion = "Xcode 8.0";
			developmentRegion = en;
			hasScannedForEncodings = 0;
			knownRegions = (
				en,
				Base,
			);
			mainGroup = E7ADDE9D1F89788F00D59EF6;
			productRefGroup = E7ADDEA71F89788F00D59EF6 /* Products */;
			projectDirPath = "";
			projectRoot = "";
			targets = (
				E7ADDEA51F89788F00D59EF6 /* MVCCVM */,
				E7ADDEB91F89788F00D59EF6 /* MVCCVMTests */,
			);
		};
/* End PBXProject section */

/* Begin PBXResourcesBuildPhase section */
		E7ADDEA41F89788F00D59EF6 /* Resources */ = {
			isa = PBXResourcesBuildPhase;
			buildActionMask = 2147483647;
			files = (
				E7ADDEB41F89788F00D59EF6 /* LaunchScreen.storyboard in Resources */,
				E7ADDED61F8A12D900D59EF6 /* TaskCell.xib in Resources */,
				E7ADDED01F8980D300D59EF6 /* TaskViewController.xib in Resources */,
				E7ADDEB11F89788F00D59EF6 /* Assets.xcassets in Resources */,
			);
			runOnlyForDeploymentPostprocessing = 0;
		};
		E7ADDEB81F89788F00D59EF6 /* Resources */ = {
			isa = PBXResourcesBuildPhase;
			buildActionMask = 2147483647;
			files = (
			);
			runOnlyForDeploymentPostprocessing = 0;
		};
/* End PBXResourcesBuildPhase section */

/* Begin PBXSourcesBuildPhase section */
		E7ADDEA21F89788F00D59EF6 /* Sources */ = {
			isa = PBXSourcesBuildPhase;
			buildActionMask = 2147483647;
			files = (
				E7BAB4442003B16C003E9729 /* Button+Configuration.swift in Sources */,
				E7BAB44820050010003E9729 /* TaskViewModelProtocol.swift in Sources */,
				E7ADDEDE1F8A629D00D59EF6 /* Task.swift in Sources */,
				E7B722C01FE6DFEE00BC8732 /* NavigationBar+Configuration.swift in Sources */,
				E7ADDEDC1F8A615100D59EF6 /* TaskListViewModel.swift in Sources */,
				E7ADDEE61F8A648F00D59EF6 /* TaskCellModel.swift in Sources */,
				E7ADDEDA1F8A5F5C00D59EF6 /* AppCoordinator.swift in Sources */,
				E7ADDED51F8A12D900D59EF6 /* TaskCell.swift in Sources */,
				E7ADDEE21F8A635800D59EF6 /* TableView+ReusableCell.swift in Sources */,
				E74944B21F93765900B52B7B /* TaskViewModel.swift in Sources */,
				E7ADDEE41F8A63D200D59EF6 /* Configurable.swift in Sources */,
				E7B722C41FE6E06600BC8732 /* TaskManager.swift in Sources */,
				E7ADDEAA1F89788F00D59EF6 /* AppDelegate.swift in Sources */,
				E7ADDED81F8A598F00D59EF6 /* Coordinator.swift in Sources */,
				E7ADDECB1F897A6400D59EF6 /* TaskListViewController.swift in Sources */,
				E7B722C61FE6E59500BC8732 /* NewTaskViewModel.swift in Sources */,
				E7ADDECF1F8980D300D59EF6 /* TaskViewController.swift in Sources */,
				E7ADDEE01F8A631600D59EF6 /* ReusableCell.swift in Sources */,
			);
			runOnlyForDeploymentPostprocessing = 0;
		};
		E7ADDEB61F89788F00D59EF6 /* Sources */ = {
			isa = PBXSourcesBuildPhase;
			buildActionMask = 2147483647;
			files = (
				E7ADDEBF1F89788F00D59EF6 /* MVCCVMTests.swift in Sources */,
			);
			runOnlyForDeploymentPostprocessing = 0;
		};
/* End PBXSourcesBuildPhase section */

/* Begin PBXTargetDependency section */
		E7ADDEBC1F89788F00D59EF6 /* PBXTargetDependency */ = {
			isa = PBXTargetDependency;
			target = E7ADDEA51F89788F00D59EF6 /* MVCCVM */;
			targetProxy = E7ADDEBB1F89788F00D59EF6 /* PBXContainerItemProxy */;
		};
/* End PBXTargetDependency section */

/* Begin PBXVariantGroup section */
		E7ADDEB21F89788F00D59EF6 /* LaunchScreen.storyboard */ = {
			isa = PBXVariantGroup;
			children = (
				E7ADDEB31F89788F00D59EF6 /* Base */,
			);
			name = LaunchScreen.storyboard;
			sourceTree = "<group>";
		};
/* End PBXVariantGroup section */

/* Begin XCBuildConfiguration section */
		E7ADDEC11F89788F00D59EF6 /* Debug */ = {
			isa = XCBuildConfiguration;
			buildSettings = {
				ALWAYS_SEARCH_USER_PATHS = NO;
				CLANG_ANALYZER_NONNULL = YES;
				CLANG_ANALYZER_NUMBER_OBJECT_CONVERSION = YES_AGGRESSIVE;
				CLANG_CXX_LANGUAGE_STANDARD = "gnu++14";
				CLANG_CXX_LIBRARY = "libc++";
				CLANG_ENABLE_MODULES = YES;
				CLANG_ENABLE_OBJC_ARC = YES;
				CLANG_WARN_BLOCK_CAPTURE_AUTORELEASING = YES;
				CLANG_WARN_BOOL_CONVERSION = YES;
				CLANG_WARN_COMMA = YES;
				CLANG_WARN_CONSTANT_CONVERSION = YES;
				CLANG_WARN_DIRECT_OBJC_ISA_USAGE = YES_ERROR;
				CLANG_WARN_DOCUMENTATION_COMMENTS = YES;
				CLANG_WARN_EMPTY_BODY = YES;
				CLANG_WARN_ENUM_CONVERSION = YES;
				CLANG_WARN_INFINITE_RECURSION = YES;
				CLANG_WARN_INT_CONVERSION = YES;
				CLANG_WARN_NON_LITERAL_NULL_CONVERSION = YES;
				CLANG_WARN_OBJC_LITERAL_CONVERSION = YES;
				CLANG_WARN_OBJC_ROOT_CLASS = YES_ERROR;
				CLANG_WARN_RANGE_LOOP_ANALYSIS = YES;
				CLANG_WARN_STRICT_PROTOTYPES = YES;
				CLANG_WARN_SUSPICIOUS_MOVE = YES;
				CLANG_WARN_UNGUARDED_AVAILABILITY = YES_AGGRESSIVE;
				CLANG_WARN_UNREACHABLE_CODE = YES;
				CLANG_WARN__DUPLICATE_METHOD_MATCH = YES;
				CODE_SIGN_IDENTITY = "iPhone Developer";
				COPY_PHASE_STRIP = NO;
				DEBUG_INFORMATION_FORMAT = dwarf;
				ENABLE_STRICT_OBJC_MSGSEND = YES;
				ENABLE_TESTABILITY = YES;
				GCC_C_LANGUAGE_STANDARD = gnu11;
				GCC_DYNAMIC_NO_PIC = NO;
				GCC_NO_COMMON_BLOCKS = YES;
				GCC_OPTIMIZATION_LEVEL = 0;
				GCC_PREPROCESSOR_DEFINITIONS = (
					"DEBUG=1",
					"$(inherited)",
				);
				GCC_WARN_64_TO_32_BIT_CONVERSION = YES;
				GCC_WARN_ABOUT_RETURN_TYPE = YES_ERROR;
				GCC_WARN_UNDECLARED_SELECTOR = YES;
				GCC_WARN_UNINITIALIZED_AUTOS = YES_AGGRESSIVE;
				GCC_WARN_UNUSED_FUNCTION = YES;
				GCC_WARN_UNUSED_VARIABLE = YES;
				IPHONEOS_DEPLOYMENT_TARGET = 11.0;
				MTL_ENABLE_DEBUG_INFO = YES;
				ONLY_ACTIVE_ARCH = YES;
				SDKROOT = iphoneos;
				SWIFT_ACTIVE_COMPILATION_CONDITIONS = DEBUG;
				SWIFT_OPTIMIZATION_LEVEL = "-Onone";
			};
			name = Debug;
		};
		E7ADDEC21F89788F00D59EF6 /* Release */ = {
			isa = XCBuildConfiguration;
			buildSettings = {
				ALWAYS_SEARCH_USER_PATHS = NO;
				CLANG_ANALYZER_NONNULL = YES;
				CLANG_ANALYZER_NUMBER_OBJECT_CONVERSION = YES_AGGRESSIVE;
				CLANG_CXX_LANGUAGE_STANDARD = "gnu++14";
				CLANG_CXX_LIBRARY = "libc++";
				CLANG_ENABLE_MODULES = YES;
				CLANG_ENABLE_OBJC_ARC = YES;
				CLANG_WARN_BLOCK_CAPTURE_AUTORELEASING = YES;
				CLANG_WARN_BOOL_CONVERSION = YES;
				CLANG_WARN_COMMA = YES;
				CLANG_WARN_CONSTANT_CONVERSION = YES;
				CLANG_WARN_DIRECT_OBJC_ISA_USAGE = YES_ERROR;
				CLANG_WARN_DOCUMENTATION_COMMENTS = YES;
				CLANG_WARN_EMPTY_BODY = YES;
				CLANG_WARN_ENUM_CONVERSION = YES;
				CLANG_WARN_INFINITE_RECURSION = YES;
				CLANG_WARN_INT_CONVERSION = YES;
				CLANG_WARN_NON_LITERAL_NULL_CONVERSION = YES;
				CLANG_WARN_OBJC_LITERAL_CONVERSION = YES;
				CLANG_WARN_OBJC_ROOT_CLASS = YES_ERROR;
				CLANG_WARN_RANGE_LOOP_ANALYSIS = YES;
				CLANG_WARN_STRICT_PROTOTYPES = YES;
				CLANG_WARN_SUSPICIOUS_MOVE = YES;
				CLANG_WARN_UNGUARDED_AVAILABILITY = YES_AGGRESSIVE;
				CLANG_WARN_UNREACHABLE_CODE = YES;
				CLANG_WARN__DUPLICATE_METHOD_MATCH = YES;
				CODE_SIGN_IDENTITY = "iPhone Developer";
				COPY_PHASE_STRIP = NO;
				DEBUG_INFORMATION_FORMAT = "dwarf-with-dsym";
				ENABLE_NS_ASSERTIONS = NO;
				ENABLE_STRICT_OBJC_MSGSEND = YES;
				GCC_C_LANGUAGE_STANDARD = gnu11;
				GCC_NO_COMMON_BLOCKS = YES;
				GCC_WARN_64_TO_32_BIT_CONVERSION = YES;
				GCC_WARN_ABOUT_RETURN_TYPE = YES_ERROR;
				GCC_WARN_UNDECLARED_SELECTOR = YES;
				GCC_WARN_UNINITIALIZED_AUTOS = YES_AGGRESSIVE;
				GCC_WARN_UNUSED_FUNCTION = YES;
				GCC_WARN_UNUSED_VARIABLE = YES;
				IPHONEOS_DEPLOYMENT_TARGET = 11.0;
				MTL_ENABLE_DEBUG_INFO = NO;
				SDKROOT = iphoneos;
				SWIFT_OPTIMIZATION_LEVEL = "-Owholemodule";
				VALIDATE_PRODUCT = YES;
			};
			name = Release;
		};
		E7ADDEC41F89788F00D59EF6 /* Debug */ = {
			isa = XCBuildConfiguration;
			buildSettings = {
				ASSETCATALOG_COMPILER_APPICON_NAME = AppIcon;
				CODE_SIGN_STYLE = Automatic;
				DEVELOPMENT_TEAM = JGWT5YE27B;
				INFOPLIST_FILE = MVCCVM/Info.plist;
				LD_RUNPATH_SEARCH_PATHS = "$(inherited) @executable_path/Frameworks";
				PRODUCT_BUNDLE_IDENTIFIER = edu.MVCCVM;
				PRODUCT_NAME = "$(TARGET_NAME)";
				SWIFT_VERSION = 4.0;
				TARGETED_DEVICE_FAMILY = "1,2";
			};
			name = Debug;
		};
		E7ADDEC51F89788F00D59EF6 /* Release */ = {
			isa = XCBuildConfiguration;
			buildSettings = {
				ASSETCATALOG_COMPILER_APPICON_NAME = AppIcon;
				CODE_SIGN_STYLE = Automatic;
				DEVELOPMENT_TEAM = JGWT5YE27B;
				INFOPLIST_FILE = MVCCVM/Info.plist;
				LD_RUNPATH_SEARCH_PATHS = "$(inherited) @executable_path/Frameworks";
				PRODUCT_BUNDLE_IDENTIFIER = edu.MVCCVM;
				PRODUCT_NAME = "$(TARGET_NAME)";
				SWIFT_VERSION = 4.0;
				TARGETED_DEVICE_FAMILY = "1,2";
			};
			name = Release;
		};
		E7ADDEC71F89788F00D59EF6 /* Debug */ = {
			isa = XCBuildConfiguration;
			buildSettings = {
				ALWAYS_EMBED_SWIFT_STANDARD_LIBRARIES = YES;
				BUNDLE_LOADER = "$(TEST_HOST)";
				CODE_SIGN_STYLE = Automatic;
				DEVELOPMENT_TEAM = JGWT5YE27B;
				INFOPLIST_FILE = MVCCVMTests/Info.plist;
				LD_RUNPATH_SEARCH_PATHS = "$(inherited) @executable_path/Frameworks @loader_path/Frameworks";
				PRODUCT_BUNDLE_IDENTIFIER = edu.MVCCVMTests;
				PRODUCT_NAME = "$(TARGET_NAME)";
				SWIFT_VERSION = 4.0;
				TARGETED_DEVICE_FAMILY = "1,2";
				TEST_HOST = "$(BUILT_PRODUCTS_DIR)/MVCCVM.app/MVCCVM";
			};
			name = Debug;
		};
		E7ADDEC81F89788F00D59EF6 /* Release */ = {
			isa = XCBuildConfiguration;
			buildSettings = {
				ALWAYS_EMBED_SWIFT_STANDARD_LIBRARIES = YES;
				BUNDLE_LOADER = "$(TEST_HOST)";
				CODE_SIGN_STYLE = Automatic;
				DEVELOPMENT_TEAM = JGWT5YE27B;
				INFOPLIST_FILE = MVCCVMTests/Info.plist;
				LD_RUNPATH_SEARCH_PATHS = "$(inherited) @executable_path/Frameworks @loader_path/Frameworks";
				PRODUCT_BUNDLE_IDENTIFIER = edu.MVCCVMTests;
				PRODUCT_NAME = "$(TARGET_NAME)";
				SWIFT_VERSION = 4.0;
				TARGETED_DEVICE_FAMILY = "1,2";
				TEST_HOST = "$(BUILT_PRODUCTS_DIR)/MVCCVM.app/MVCCVM";
			};
			name = Release;
		};
/* End XCBuildConfiguration section */

/* Begin XCConfigurationList section */
		E7ADDEA11F89788F00D59EF6 /* Build configuration list for PBXProject "MVCCVM" */ = {
			isa = XCConfigurationList;
			buildConfigurations = (
				E7ADDEC11F89788F00D59EF6 /* Debug */,
				E7ADDEC21F89788F00D59EF6 /* Release */,
			);
			defaultConfigurationIsVisible = 0;
			defaultConfigurationName = Release;
		};
		E7ADDEC31F89788F00D59EF6 /* Build configuration list for PBXNativeTarget "MVCCVM" */ = {
			isa = XCConfigurationList;
			buildConfigurations = (
				E7ADDEC41F89788F00D59EF6 /* Debug */,
				E7ADDEC51F89788F00D59EF6 /* Release */,
			);
			defaultConfigurationIsVisible = 0;
			defaultConfigurationName = Release;
		};
		E7ADDEC61F89788F00D59EF6 /* Build configuration list for PBXNativeTarget "MVCCVMTests" */ = {
			isa = XCConfigurationList;
			buildConfigurations = (
				E7ADDEC71F89788F00D59EF6 /* Debug */,
				E7ADDEC81F89788F00D59EF6 /* Release */,
			);
			defaultConfigurationIsVisible = 0;
			defaultConfigurationName = Release;
		};
/* End XCConfigurationList section */
	};
	rootObject = E7ADDE9E1F89788F00D59EF6 /* Project object */;
}
